
Microsoft Visual Studio Solution File, Format Version 12.00
# Visual Studio Version 17
VisualStudioVersion = 17.10.35122.118
MinimumVisualStudioVersion = 10.0.40219.1
Project("{FAE04EC0-301F-11D3-BF4B-00C04F79EFBC}") = "Proyecto TRON", "Proyecto TRON\Proyecto TRON.csproj", "{AC476647-FCE8-4FCB-9507-6BFF9C2B3068}"
EndProject
Global
	GlobalSection(SolutionConfigurationPlatforms) = preSolution
		Debug|Any CPU = Debug|Any CPU
		Release|Any CPU = Release|Any CPU
	EndGlobalSection
	GlobalSection(ProjectConfigurationPlatforms) = postSolution
		{AC476647-FCE8-4FCB-9507-6BFF9C2B3068}.Debug|Any CPU.ActiveCfg = Debug|Any CPU
		{AC476647-FCE8-4FCB-9507-6BFF9C2B3068}.Debug|Any CPU.Build.0 = Debug|Any CPU
		{AC476647-FCE8-4FCB-9507-6BFF9C2B3068}.Release|Any CPU.ActiveCfg = Release|Any CPU
		{AC476647-FCE8-4FCB-9507-6BFF9C2B3068}.Release|Any CPU.Build.0 = Release|Any CPU
	EndGlobalSection
	GlobalSection(SolutionProperties) = preSolution
		HideSolutionNode = FALSE
	EndGlobalSection
	GlobalSection(ExtensibilityGlobals) = postSolution
		SolutionGuid = {0FC0FED8-C738-4363-97D1-44C1541D3884}
	EndGlobalSection
EndGlobal
